
Microsoft Visual Studio Solution File, Format Version 12.00
# Visual Studio 15
Project("{FAE04EC0-301F-11D3-BF4B-00C04F79EFBC}") = "AutoHandAssembly", "AutoHandAssembly.csproj", "{BDAAB274-7FB7-1DCD-B938-8F7343405F1F}"
EndProject
Project("{FAE04EC0-301F-11D3-BF4B-00C04F79EFBC}") = "Autohand.OpenXR", "Autohand.OpenXR.csproj", "{302B6830-6EA6-AA1C-3D29-EFF7CCE62370}"
EndProject
Project("{FAE04EC0-301F-11D3-BF4B-00C04F79EFBC}") = "NaughtyAttributes.Core", "NaughtyAttributes.Core.csproj", "{52DCC764-AC4D-B574-66F6-5EB8C8C68D71}"
EndProject
Project("{FAE04EC0-301F-11D3-BF4B-00C04F79EFBC}") = "NaughtyAttributes.Editor", "NaughtyAttributes.Editor.csproj", "{56BA91BC-704E-BDD2-4DDC-F10E9EAC5C89}"
EndProject
Project("{FAE04EC0-301F-11D3-BF4B-00C04F79EFBC}") = "Assembly-CSharp", "Assembly-CSharp.csproj", "{D8E2DC7E-05E8-41F8-B89F-13274CA474E3}"
EndProject
Project("{FAE04EC0-301F-11D3-BF4B-00C04F79EFBC}") = "Assembly-CSharp-Editor", "Assembly-CSharp-Editor.csproj", "{C9E6A6CA-8B97-8865-072A-1DDDF15E7B72}"
EndProject
Project("{FAE04EC0-301F-11D3-BF4B-00C04F79EFBC}") = "Autohand.OpenXR.Editor", "Autohand.OpenXR.Editor.csproj", "{F0DECFB4-847A-2010-D001-83564AC5D133}"
EndProject
Project("{FAE04EC0-301F-11D3-BF4B-00C04F79EFBC}") = "Autohand.XR", "Autohand.XR.csproj", "{F927BEA4-5283-F8B1-35E2-B2592626ADD9}"
EndProject
Project("{FAE04EC0-301F-11D3-BF4B-00C04F79EFBC}") = "Autohand.Editor", "Autohand.Editor.csproj", "{75D3CC72-6A60-1CB8-ABCF-7CC1E264F868}"
EndProject
Project("{FAE04EC0-301F-11D3-BF4B-00C04F79EFBC}") = "Autohand.XR.Editor", "Autohand.XR.Editor.csproj", "{2AD8C89A-E844-1945-0B4C-ADD9332282FD}"
EndProject
Global
	GlobalSection(SolutionConfigurationPlatforms) = preSolution
		Debug|Any CPU = Debug|Any CPU
		Release|Any CPU = Release|Any CPU
	EndGlobalSection
	GlobalSection(ProjectConfigurationPlatforms) = postSolution
		{BDAAB274-7FB7-1DCD-B938-8F7343405F1F}.Debug|Any CPU.ActiveCfg = Debug|Any CPU
		{BDAAB274-7FB7-1DCD-B938-8F7343405F1F}.Debug|Any CPU.Build.0 = Debug|Any CPU
		{BDAAB274-7FB7-1DCD-B938-8F7343405F1F}.Release|Any CPU.ActiveCfg = Release|Any CPU
		{BDAAB274-7FB7-1DCD-B938-8F7343405F1F}.Release|Any CPU.Build.0 = Release|Any CPU
		{302B6830-6EA6-AA1C-3D29-EFF7CCE62370}.Debug|Any CPU.ActiveCfg = Debug|Any CPU
		{302B6830-6EA6-AA1C-3D29-EFF7CCE62370}.Debug|Any CPU.Build.0 = Debug|Any CPU
		{302B6830-6EA6-AA1C-3D29-EFF7CCE62370}.Release|Any CPU.ActiveCfg = Release|Any CPU
		{302B6830-6EA6-AA1C-3D29-EFF7CCE62370}.Release|Any CPU.Build.0 = Release|Any CPU
		{52DCC764-AC4D-B574-66F6-5EB8C8C68D71}.Debug|Any CPU.ActiveCfg = Debug|Any CPU
		{52DCC764-AC4D-B574-66F6-5EB8C8C68D71}.Debug|Any CPU.Build.0 = Debug|Any CPU
		{52DCC764-AC4D-B574-66F6-5EB8C8C68D71}.Release|Any CPU.ActiveCfg = Release|Any CPU
		{52DCC764-AC4D-B574-66F6-5EB8C8C68D71}.Release|Any CPU.Build.0 = Release|Any CPU
		{56BA91BC-704E-BDD2-4DDC-F10E9EAC5C89}.Debug|Any CPU.ActiveCfg = Debug|Any CPU
		{56BA91BC-704E-BDD2-4DDC-F10E9EAC5C89}.Debug|Any CPU.Build.0 = Debug|Any CPU
		{56BA91BC-704E-BDD2-4DDC-F10E9EAC5C89}.Release|Any CPU.ActiveCfg = Release|Any CPU
		{56BA91BC-704E-BDD2-4DDC-F10E9EAC5C89}.Release|Any CPU.Build.0 = Release|Any CPU
		{D8E2DC7E-05E8-41F8-B89F-13274CA474E3}.Debug|Any CPU.ActiveCfg = Debug|Any CPU
		{D8E2DC7E-05E8-41F8-B89F-13274CA474E3}.Debug|Any CPU.Build.0 = Debug|Any CPU
		{D8E2DC7E-05E8-41F8-B89F-13274CA474E3}.Release|Any CPU.ActiveCfg = Release|Any CPU
		{D8E2DC7E-05E8-41F8-B89F-13274CA474E3}.Release|Any CPU.Build.0 = Release|Any CPU
		{C9E6A6CA-8B97-8865-072A-1DDDF15E7B72}.Debug|Any CPU.ActiveCfg = Debug|Any CPU
		{C9E6A6CA-8B97-8865-072A-1DDDF15E7B72}.Debug|Any CPU.Build.0 = Debug|Any CPU
		{C9E6A6CA-8B97-8865-072A-1DDDF15E7B72}.Release|Any CPU.ActiveCfg = Release|Any CPU
		{C9E6A6CA-8B97-8865-072A-1DDDF15E7B72}.Release|Any CPU.Build.0 = Release|Any CPU
		{F0DECFB4-847A-2010-D001-83564AC5D133}.Debug|Any CPU.ActiveCfg = Debug|Any CPU
		{F0DECFB4-847A-2010-D001-83564AC5D133}.Debug|Any CPU.Build.0 = Debug|Any CPU
		{F0DECFB4-847A-2010-D001-83564AC5D133}.Release|Any CPU.ActiveCfg = Release|Any CPU
		{F0DECFB4-847A-2010-D001-83564AC5D133}.Release|Any CPU.Build.0 = Release|Any CPU
		{F927BEA4-5283-F8B1-35E2-B2592626ADD9}.Debug|Any CPU.ActiveCfg = Debug|Any CPU
		{F927BEA4-5283-F8B1-35E2-B2592626ADD9}.Debug|Any CPU.Build.0 = Debug|Any CPU
		{F927BEA4-5283-F8B1-35E2-B2592626ADD9}.Release|Any CPU.ActiveCfg = Release|Any CPU
		{F927BEA4-5283-F8B1-35E2-B2592626ADD9}.Release|Any CPU.Build.0 = Release|Any CPU
		{75D3CC72-6A60-1CB8-ABCF-7CC1E264F868}.Debug|Any CPU.ActiveCfg = Debug|Any CPU
		{75D3CC72-6A60-1CB8-ABCF-7CC1E264F868}.Debug|Any CPU.Build.0 = Debug|Any CPU
		{75D3CC72-6A60-1CB8-ABCF-7CC1E264F868}.Release|Any CPU.ActiveCfg = Release|Any CPU
		{75D3CC72-6A60-1CB8-ABCF-7CC1E264F868}.Release|Any CPU.Build.0 = Release|Any CPU
		{2AD8C89A-E844-1945-0B4C-ADD9332282FD}.Debug|Any CPU.ActiveCfg = Debug|Any CPU
		{2AD8C89A-E844-1945-0B4C-ADD9332282FD}.Debug|Any CPU.Build.0 = Debug|Any CPU
		{2AD8C89A-E844-1945-0B4C-ADD9332282FD}.Release|Any CPU.ActiveCfg = Release|Any CPU
		{2AD8C89A-E844-1945-0B4C-ADD9332282FD}.Release|Any CPU.Build.0 = Release|Any CPU
	EndGlobalSection
	GlobalSection(SolutionProperties) = preSolution
		HideSolutionNode = FALSE
	EndGlobalSection
EndGlobal
