
Microsoft Visual Studio Solution File, Format Version 12.00
# Visual Studio 15
Project("{FAE04EC0-301F-11D3-BF4B-00C04F79EFBC}") = "AutoHandAssembly", "AutoHandAssembly.csproj", "{1C77F88A-7A26-5A2B-5E25-604BD61BDD4F}"
EndProject
Project("{FAE04EC0-301F-11D3-BF4B-00C04F79EFBC}") = "Autohand.OpenXR", "Autohand.OpenXR.csproj", "{944E89A2-A470-9128-0B6B-5B865DFFDA1D}"
EndProject
Project("{FAE04EC0-301F-11D3-BF4B-00C04F79EFBC}") = "NaughtyAttributes.Core", "NaughtyAttributes.Core.csproj", "{9EEABD50-7D2C-0963-0B77-28ADEA7070A9}"
EndProject
Project("{FAE04EC0-301F-11D3-BF4B-00C04F79EFBC}") = "NaughtyAttributes.Editor", "NaughtyAttributes.Editor.csproj", "{F00CB4EA-1A7F-661C-9A96-E00073DBDB1C}"
EndProject
Project("{FAE04EC0-301F-11D3-BF4B-00C04F79EFBC}") = "Assembly-CSharp", "Assembly-CSharp.csproj", "{47F5E5CE-FFD4-8E56-9654-7E9AC8E89B8B}"
EndProject
Project("{FAE04EC0-301F-11D3-BF4B-00C04F79EFBC}") = "Assembly-CSharp-Editor", "Assembly-CSharp-Editor.csproj", "{E6DDC6C2-4416-4B18-A974-FA7C9C419874}"
EndProject
Project("{FAE04EC0-301F-11D3-BF4B-00C04F79EFBC}") = "Autohand.OpenXR.Editor", "Autohand.OpenXR.Editor.csproj", "{4B4AAADE-C939-CBE8-BC4A-4109F0AB7DD0}"
EndProject
Project("{FAE04EC0-301F-11D3-BF4B-00C04F79EFBC}") = "Autohand.XR", "Autohand.XR.csproj", "{F2F49D8C-A336-DD3D-95E8-48955F46B6F1}"
EndProject
Project("{FAE04EC0-301F-11D3-BF4B-00C04F79EFBC}") = "Autohand.Editor", "Autohand.Editor.csproj", "{5E4014B7-6EF2-DA12-C20D-CD3E4E843712}"
EndProject
Project("{FAE04EC0-301F-11D3-BF4B-00C04F79EFBC}") = "Autohand.XR.Editor", "Autohand.XR.Editor.csproj", "{9212E6F8-0059-E9E8-F831-26F796023565}"
EndProject
Global
	GlobalSection(SolutionConfigurationPlatforms) = preSolution
		Debug|Any CPU = Debug|Any CPU
		Release|Any CPU = Release|Any CPU
	EndGlobalSection
	GlobalSection(ProjectConfigurationPlatforms) = postSolution
		{1C77F88A-7A26-5A2B-5E25-604BD61BDD4F}.Debug|Any CPU.ActiveCfg = Debug|Any CPU
		{1C77F88A-7A26-5A2B-5E25-604BD61BDD4F}.Debug|Any CPU.Build.0 = Debug|Any CPU
		{1C77F88A-7A26-5A2B-5E25-604BD61BDD4F}.Release|Any CPU.ActiveCfg = Release|Any CPU
		{1C77F88A-7A26-5A2B-5E25-604BD61BDD4F}.Release|Any CPU.Build.0 = Release|Any CPU
		{944E89A2-A470-9128-0B6B-5B865DFFDA1D}.Debug|Any CPU.ActiveCfg = Debug|Any CPU
		{944E89A2-A470-9128-0B6B-5B865DFFDA1D}.Debug|Any CPU.Build.0 = Debug|Any CPU
		{944E89A2-A470-9128-0B6B-5B865DFFDA1D}.Release|Any CPU.ActiveCfg = Release|Any CPU
		{944E89A2-A470-9128-0B6B-5B865DFFDA1D}.Release|Any CPU.Build.0 = Release|Any CPU
		{9EEABD50-7D2C-0963-0B77-28ADEA7070A9}.Debug|Any CPU.ActiveCfg = Debug|Any CPU
		{9EEABD50-7D2C-0963-0B77-28ADEA7070A9}.Debug|Any CPU.Build.0 = Debug|Any CPU
		{9EEABD50-7D2C-0963-0B77-28ADEA7070A9}.Release|Any CPU.ActiveCfg = Release|Any CPU
		{9EEABD50-7D2C-0963-0B77-28ADEA7070A9}.Release|Any CPU.Build.0 = Release|Any CPU
		{F00CB4EA-1A7F-661C-9A96-E00073DBDB1C}.Debug|Any CPU.ActiveCfg = Debug|Any CPU
		{F00CB4EA-1A7F-661C-9A96-E00073DBDB1C}.Debug|Any CPU.Build.0 = Debug|Any CPU
		{F00CB4EA-1A7F-661C-9A96-E00073DBDB1C}.Release|Any CPU.ActiveCfg = Release|Any CPU
		{F00CB4EA-1A7F-661C-9A96-E00073DBDB1C}.Release|Any CPU.Build.0 = Release|Any CPU
		{47F5E5CE-FFD4-8E56-9654-7E9AC8E89B8B}.Debug|Any CPU.ActiveCfg = Debug|Any CPU
		{47F5E5CE-FFD4-8E56-9654-7E9AC8E89B8B}.Debug|Any CPU.Build.0 = Debug|Any CPU
		{47F5E5CE-FFD4-8E56-9654-7E9AC8E89B8B}.Release|Any CPU.ActiveCfg = Release|Any CPU
		{47F5E5CE-FFD4-8E56-9654-7E9AC8E89B8B}.Release|Any CPU.Build.0 = Release|Any CPU
		{E6DDC6C2-4416-4B18-A974-FA7C9C419874}.Debug|Any CPU.ActiveCfg = Debug|Any CPU
		{E6DDC6C2-4416-4B18-A974-FA7C9C419874}.Debug|Any CPU.Build.0 = Debug|Any CPU
		{E6DDC6C2-4416-4B18-A974-FA7C9C419874}.Release|Any CPU.ActiveCfg = Release|Any CPU
		{E6DDC6C2-4416-4B18-A974-FA7C9C419874}.Release|Any CPU.Build.0 = Release|Any CPU
		{4B4AAADE-C939-CBE8-BC4A-4109F0AB7DD0}.Debug|Any CPU.ActiveCfg = Debug|Any CPU
		{4B4AAADE-C939-CBE8-BC4A-4109F0AB7DD0}.Debug|Any CPU.Build.0 = Debug|Any CPU
		{4B4AAADE-C939-CBE8-BC4A-4109F0AB7DD0}.Release|Any CPU.ActiveCfg = Release|Any CPU
		{4B4AAADE-C939-CBE8-BC4A-4109F0AB7DD0}.Release|Any CPU.Build.0 = Release|Any CPU
		{F2F49D8C-A336-DD3D-95E8-48955F46B6F1}.Debug|Any CPU.ActiveCfg = Debug|Any CPU
		{F2F49D8C-A336-DD3D-95E8-48955F46B6F1}.Debug|Any CPU.Build.0 = Debug|Any CPU
		{F2F49D8C-A336-DD3D-95E8-48955F46B6F1}.Release|Any CPU.ActiveCfg = Release|Any CPU
		{F2F49D8C-A336-DD3D-95E8-48955F46B6F1}.Release|Any CPU.Build.0 = Release|Any CPU
		{5E4014B7-6EF2-DA12-C20D-CD3E4E843712}.Debug|Any CPU.ActiveCfg = Debug|Any CPU
		{5E4014B7-6EF2-DA12-C20D-CD3E4E843712}.Debug|Any CPU.Build.0 = Debug|Any CPU
		{5E4014B7-6EF2-DA12-C20D-CD3E4E843712}.Release|Any CPU.ActiveCfg = Release|Any CPU
		{5E4014B7-6EF2-DA12-C20D-CD3E4E843712}.Release|Any CPU.Build.0 = Release|Any CPU
		{9212E6F8-0059-E9E8-F831-26F796023565}.Debug|Any CPU.ActiveCfg = Debug|Any CPU
		{9212E6F8-0059-E9E8-F831-26F796023565}.Debug|Any CPU.Build.0 = Debug|Any CPU
		{9212E6F8-0059-E9E8-F831-26F796023565}.Release|Any CPU.ActiveCfg = Release|Any CPU
		{9212E6F8-0059-E9E8-F831-26F796023565}.Release|Any CPU.Build.0 = Release|Any CPU
	EndGlobalSection
	GlobalSection(SolutionProperties) = preSolution
		HideSolutionNode = FALSE
	EndGlobalSection
EndGlobal
